# This file is generated by running "yarn install" inside your project.
# Manual changes might be lost - proceed with caution!

__metadata:
  version: 8
  cacheKey: 10c0

"@alloc/quick-lru@npm:^5.2.0":
  version: 5.2.0
  resolution: "@alloc/quick-lru@npm:5.2.0"
  checksum: 10c0/7b878c48b9d25277d0e1a9b8b2f2312a314af806b4129dc902f2bc29ab09b58236e53964689feec187b28c80d2203aff03829754773a707a8a5987f1b7682d92
  languageName: node
  linkType: hard

"@ampproject/remapping@npm:^2.3.0":
  version: 2.3.0
  resolution: "@ampproject/remapping@npm:2.3.0"
  dependencies:
    "@jridgewell/gen-mapping": "npm:^0.3.5"
    "@jridgewell/trace-mapping": "npm:^0.3.24"
  checksum: 10c0/81d63cca5443e0f0c72ae18b544cc28c7c0ec2cea46e7cb888bb0e0f411a1191d0d6b7af798d54e30777d8d1488b2ec0732aac2be342d3d7d3ffd271c6f489ed
  languageName: node
  linkType: hard

"@emnapi/core@npm:^1.4.3":
  version: 1.4.3
  resolution: "@emnapi/core@npm:1.4.3"
  dependencies:
    "@emnapi/wasi-threads": "npm:1.0.2"
    tslib: "npm:^2.4.0"
  checksum: 10c0/e30101d16d37ef3283538a35cad60e22095aff2403fb9226a35330b932eb6740b81364d525537a94eb4fb51355e48ae9b10d779c0dd1cdcd55d71461fe4b45c7
  languageName: node
  linkType: hard

"@emnapi/runtime@npm:^1.4.3":
  version: 1.4.3
  resolution: "@emnapi/runtime@npm:1.4.3"
  dependencies:
    tslib: "npm:^2.4.0"
  checksum: 10c0/3b7ab72d21cb4e034f07df80165265f85f445ef3f581d1bc87b67e5239428baa00200b68a7d5e37a0425c3a78320b541b07f76c5530f6f6f95336a6294ebf30b
  languageName: node
  linkType: hard

"@emnapi/wasi-threads@npm:1.0.2, @emnapi/wasi-threads@npm:^1.0.2":
  version: 1.0.2
  resolution: "@emnapi/wasi-threads@npm:1.0.2"
  dependencies:
    tslib: "npm:^2.4.0"
  checksum: 10c0/f0621b1fc715221bd2d8332c0ca922617bcd77cdb3050eae50a124eb8923c54fa425d23982dc8f29d505c8798a62d1049bace8b0686098ff9dd82270e06d772e
  languageName: node
  linkType: hard

"@isaacs/fs-minipass@npm:^4.0.0":
  version: 4.0.1
  resolution: "@isaacs/fs-minipass@npm:4.0.1"
  dependencies:
    minipass: "npm:^7.0.4"
  checksum: 10c0/c25b6dc1598790d5b55c0947a9b7d111cfa92594db5296c3b907e2f533c033666f692a3939eadac17b1c7c40d362d0b0635dc874cbfe3e70db7c2b07cc97a5d2
  languageName: node
  linkType: hard

"@jridgewell/gen-mapping@npm:^0.3.5":
  version: 0.3.8
  resolution: "@jridgewell/gen-mapping@npm:0.3.8"
  dependencies:
    "@jridgewell/set-array": "npm:^1.2.1"
    "@jridgewell/sourcemap-codec": "npm:^1.4.10"
    "@jridgewell/trace-mapping": "npm:^0.3.24"
  checksum: 10c0/c668feaf86c501d7c804904a61c23c67447b2137b813b9ce03eca82cb9d65ac7006d766c218685d76e3d72828279b6ee26c347aa1119dab23fbaf36aed51585a
  languageName: node
  linkType: hard

"@jridgewell/resolve-uri@npm:^3.1.0":
  version: 3.1.2
  resolution: "@jridgewell/resolve-uri@npm:3.1.2"
  checksum: 10c0/d502e6fb516b35032331406d4e962c21fe77cdf1cbdb49c6142bcbd9e30507094b18972778a6e27cbad756209cfe34b1a27729e6fa08a2eb92b33943f680cf1e
  languageName: node
  linkType: hard

"@jridgewell/set-array@npm:^1.2.1":
  version: 1.2.1
  resolution: "@jridgewell/set-array@npm:1.2.1"
  checksum: 10c0/2a5aa7b4b5c3464c895c802d8ae3f3d2b92fcbe84ad12f8d0bfbb1f5ad006717e7577ee1fd2eac00c088abe486c7adb27976f45d2941ff6b0b92b2c3302c60f4
  languageName: node
  linkType: hard

"@jridgewell/sourcemap-codec@npm:^1.4.10, @jridgewell/sourcemap-codec@npm:^1.4.14, @jridgewell/sourcemap-codec@npm:^1.5.0":
  version: 1.5.0
  resolution: "@jridgewell/sourcemap-codec@npm:1.5.0"
  checksum: 10c0/2eb864f276eb1096c3c11da3e9bb518f6d9fc0023c78344cdc037abadc725172c70314bdb360f2d4b7bffec7f5d657ce006816bc5d4ecb35e61b66132db00c18
  languageName: node
  linkType: hard

"@jridgewell/trace-mapping@npm:^0.3.24":
  version: 0.3.25
  resolution: "@jridgewell/trace-mapping@npm:0.3.25"
  dependencies:
    "@jridgewell/resolve-uri": "npm:^3.1.0"
    "@jridgewell/sourcemap-codec": "npm:^1.4.14"
  checksum: 10c0/3d1ce6ebc69df9682a5a8896b414c6537e428a1d68b02fcc8363b04284a8ca0df04d0ee3013132252ab14f2527bc13bea6526a912ecb5658f0e39fd2860b4df4
  languageName: node
  linkType: hard

"@jsix/api@workspace:packages/rsixapi":
  version: 0.0.0-use.local
  resolution: "@jsix/api@workspace:packages/rsixapi"
  dependencies:
    js-logger: "npm:^1.6.1"
  languageName: unknown
  linkType: soft

"@jsix/client@workspace:packages/rsixclient":
  version: 0.0.0-use.local
  resolution: "@jsix/client@workspace:packages/rsixclient"
  dependencies:
    "@tailwindcss/postcss": "npm:^4.1.7"
    js-logger: "npm:^1.6.1"
    postcss: "npm:^8.5.3"
    tailwindcss: "npm:^4.1.7"
  languageName: unknown
  linkType: soft

"@napi-rs/wasm-runtime@npm:^0.2.9":
  version: 0.2.10
  resolution: "@napi-rs/wasm-runtime@npm:0.2.10"
  dependencies:
    "@emnapi/core": "npm:^1.4.3"
    "@emnapi/runtime": "npm:^1.4.3"
    "@tybys/wasm-util": "npm:^0.9.0"
  checksum: 10c0/4dce9bbb94a8969805574e1b55fdbeb7623348190265d77f6507ba32e535610deeb53a33ba0bb8b05a6520f379d418b92e8a01c5cd7b9486b136d2c0c26be0bd
  languageName: node
  linkType: hard

"@tailwindcss/node@npm:4.1.7":
  version: 4.1.7
  resolution: "@tailwindcss/node@npm:4.1.7"
  dependencies:
    "@ampproject/remapping": "npm:^2.3.0"
    enhanced-resolve: "npm:^5.18.1"
    jiti: "npm:^2.4.2"
    lightningcss: "npm:1.30.1"
    magic-string: "npm:^0.30.17"
    source-map-js: "npm:^1.2.1"
    tailwindcss: "npm:4.1.7"
  checksum: 10c0/8b646fde531609e8c8dc4745d1db5375fa23f52f28436f09192cce18cdc423075cd4e2477c1bf96b905de5bb22ac915dad9c4e340d9995e4ad2025a1f5835549
  languageName: node
  linkType: hard

"@tailwindcss/oxide-android-arm64@npm:4.1.7":
  version: 4.1.7
  resolution: "@tailwindcss/oxide-android-arm64@npm:4.1.7"
  conditions: os=android & cpu=arm64
  languageName: node
  linkType: hard

"@tailwindcss/oxide-darwin-arm64@npm:4.1.7":
  version: 4.1.7
  resolution: "@tailwindcss/oxide-darwin-arm64@npm:4.1.7"
  conditions: os=darwin & cpu=arm64
  languageName: node
  linkType: hard

"@tailwindcss/oxide-darwin-x64@npm:4.1.7":
  version: 4.1.7
  resolution: "@tailwindcss/oxide-darwin-x64@npm:4.1.7"
  conditions: os=darwin & cpu=x64
  languageName: node
  linkType: hard

"@tailwindcss/oxide-freebsd-x64@npm:4.1.7":
  version: 4.1.7
  resolution: "@tailwindcss/oxide-freebsd-x64@npm:4.1.7"
  conditions: os=freebsd & cpu=x64
  languageName: node
  linkType: hard

"@tailwindcss/oxide-linux-arm-gnueabihf@npm:4.1.7":
  version: 4.1.7
  resolution: "@tailwindcss/oxide-linux-arm-gnueabihf@npm:4.1.7"
  conditions: os=linux & cpu=arm
  languageName: node
  linkType: hard

"@tailwindcss/oxide-linux-arm64-gnu@npm:4.1.7":
  version: 4.1.7
  resolution: "@tailwindcss/oxide-linux-arm64-gnu@npm:4.1.7"
  conditions: os=linux & cpu=arm64 & libc=glibc
  languageName: node
  linkType: hard

"@tailwindcss/oxide-linux-arm64-musl@npm:4.1.7":
  version: 4.1.7
  resolution: "@tailwindcss/oxide-linux-arm64-musl@npm:4.1.7"
  conditions: os=linux & cpu=arm64 & libc=musl
  languageName: node
  linkType: hard

"@tailwindcss/oxide-linux-x64-gnu@npm:4.1.7":
  version: 4.1.7
  resolution: "@tailwindcss/oxide-linux-x64-gnu@npm:4.1.7"
  conditions: os=linux & cpu=x64 & libc=glibc
  languageName: node
  linkType: hard

"@tailwindcss/oxide-linux-x64-musl@npm:4.1.7":
  version: 4.1.7
  resolution: "@tailwindcss/oxide-linux-x64-musl@npm:4.1.7"
  conditions: os=linux & cpu=x64 & libc=musl
  languageName: node
  linkType: hard

"@tailwindcss/oxide-wasm32-wasi@npm:4.1.7":
  version: 4.1.7
  resolution: "@tailwindcss/oxide-wasm32-wasi@npm:4.1.7"
  dependencies:
    "@emnapi/core": "npm:^1.4.3"
    "@emnapi/runtime": "npm:^1.4.3"
    "@emnapi/wasi-threads": "npm:^1.0.2"
    "@napi-rs/wasm-runtime": "npm:^0.2.9"
    "@tybys/wasm-util": "npm:^0.9.0"
    tslib: "npm:^2.8.0"
  conditions: cpu=wasm32
  languageName: node
  linkType: hard

"@tailwindcss/oxide-win32-arm64-msvc@npm:4.1.7":
  version: 4.1.7
  resolution: "@tailwindcss/oxide-win32-arm64-msvc@npm:4.1.7"
  conditions: os=win32 & cpu=arm64
  languageName: node
  linkType: hard

"@tailwindcss/oxide-win32-x64-msvc@npm:4.1.7":
  version: 4.1.7
  resolution: "@tailwindcss/oxide-win32-x64-msvc@npm:4.1.7"
  conditions: os=win32 & cpu=x64
  languageName: node
  linkType: hard

"@tailwindcss/oxide@npm:4.1.7":
  version: 4.1.7
  resolution: "@tailwindcss/oxide@npm:4.1.7"
  dependencies:
    "@tailwindcss/oxide-android-arm64": "npm:4.1.7"
    "@tailwindcss/oxide-darwin-arm64": "npm:4.1.7"
    "@tailwindcss/oxide-darwin-x64": "npm:4.1.7"
    "@tailwindcss/oxide-freebsd-x64": "npm:4.1.7"
    "@tailwindcss/oxide-linux-arm-gnueabihf": "npm:4.1.7"
    "@tailwindcss/oxide-linux-arm64-gnu": "npm:4.1.7"
    "@tailwindcss/oxide-linux-arm64-musl": "npm:4.1.7"
    "@tailwindcss/oxide-linux-x64-gnu": "npm:4.1.7"
    "@tailwindcss/oxide-linux-x64-musl": "npm:4.1.7"
    "@tailwindcss/oxide-wasm32-wasi": "npm:4.1.7"
    "@tailwindcss/oxide-win32-arm64-msvc": "npm:4.1.7"
    "@tailwindcss/oxide-win32-x64-msvc": "npm:4.1.7"
    detect-libc: "npm:^2.0.4"
    tar: "npm:^7.4.3"
  dependenciesMeta:
    "@tailwindcss/oxide-android-arm64":
      optional: true
    "@tailwindcss/oxide-darwin-arm64":
      optional: true
    "@tailwindcss/oxide-darwin-x64":
      optional: true
    "@tailwindcss/oxide-freebsd-x64":
      optional: true
    "@tailwindcss/oxide-linux-arm-gnueabihf":
      optional: true
    "@tailwindcss/oxide-linux-arm64-gnu":
      optional: true
    "@tailwindcss/oxide-linux-arm64-musl":
      optional: true
    "@tailwindcss/oxide-linux-x64-gnu":
      optional: true
    "@tailwindcss/oxide-linux-x64-musl":
      optional: true
    "@tailwindcss/oxide-wasm32-wasi":
      optional: true
    "@tailwindcss/oxide-win32-arm64-msvc":
      optional: true
    "@tailwindcss/oxide-win32-x64-msvc":
      optional: true
  checksum: 10c0/ac8eb42faa1fa34f0a23130c3c369bf4685c78bc6ab8cf2307d0b6c66023909ff411c328a3e4de86fced6dd26be46e783b620e3f614195e8147a779e224922a3
  languageName: node
  linkType: hard

"@tailwindcss/postcss@npm:^4.1.7":
  version: 4.1.7
  resolution: "@tailwindcss/postcss@npm:4.1.7"
  dependencies:
    "@alloc/quick-lru": "npm:^5.2.0"
    "@tailwindcss/node": "npm:4.1.7"
    "@tailwindcss/oxide": "npm:4.1.7"
    postcss: "npm:^8.4.41"
    tailwindcss: "npm:4.1.7"
  checksum: 10c0/3779c34001dfa2741efa037089b9331807e15946e766decc983baef8ba5d4d519a1b86e7f27fffcf1a028bda19e0fdf5a87479a89b9e1cd2d7df5769273777c8
  languageName: node
  linkType: hard

"@tybys/wasm-util@npm:^0.9.0":
  version: 0.9.0
  resolution: "@tybys/wasm-util@npm:0.9.0"
  dependencies:
    tslib: "npm:^2.4.0"
  checksum: 10c0/f9fde5c554455019f33af6c8215f1a1435028803dc2a2825b077d812bed4209a1a64444a4ca0ce2ea7e1175c8d88e2f9173a36a33c199e8a5c671aa31de8242d
  languageName: node
  linkType: hard

"chownr@npm:^3.0.0":
  version: 3.0.0
  resolution: "chownr@npm:3.0.0"
  checksum: 10c0/43925b87700f7e3893296c8e9c56cc58f926411cce3a6e5898136daaf08f08b9a8eb76d37d3267e707d0dcc17aed2e2ebdf5848c0c3ce95cf910a919935c1b10
  languageName: node
  linkType: hard

"detect-libc@npm:^2.0.3, detect-libc@npm:^2.0.4":
  version: 2.0.4
  resolution: "detect-libc@npm:2.0.4"
  checksum: 10c0/c15541f836eba4b1f521e4eecc28eefefdbc10a94d3b8cb4c507689f332cc111babb95deda66f2de050b22122113189986d5190be97d51b5a2b23b938415e67c
  languageName: node
  linkType: hard

"enhanced-resolve@npm:^5.18.1":
  version: 5.18.1
  resolution: "enhanced-resolve@npm:5.18.1"
  dependencies:
    graceful-fs: "npm:^4.2.4"
    tapable: "npm:^2.2.0"
  checksum: 10c0/4cffd9b125225184e2abed9fdf0ed3dbd2224c873b165d0838fd066cde32e0918626cba2f1f4bf6860762f13a7e2364fd89a82b99566be2873d813573ac71846
  languageName: node
  linkType: hard

"graceful-fs@npm:^4.2.4":
  version: 4.2.11
  resolution: "graceful-fs@npm:4.2.11"
  checksum: 10c0/386d011a553e02bc594ac2ca0bd6d9e4c22d7fa8cfbfc448a6d148c59ea881b092db9dbe3547ae4b88e55f1b01f7c4a2ecc53b310c042793e63aa44cf6c257f2
  languageName: node
  linkType: hard

"jay-mono-repo@workspace:.":
  version: 0.0.0-use.local
  resolution: "jay-mono-repo@workspace:."
  dependencies:
    "@tailwindcss/postcss": "npm:^4.1.7"
    js-logger: "npm:^1.6.1"
    postcss: "npm:^8.5.3"
    react: "npm:^19.1.0"
    react-dom: "npm:^19.1.0"
    tailwindcss: "npm:^4.1.7"
    typescript: "npm:^5.8.3"
  languageName: unknown
  linkType: soft

"jiti@npm:^2.4.2":
  version: 2.4.2
  resolution: "jiti@npm:2.4.2"
  bin:
    jiti: lib/jiti-cli.mjs
  checksum: 10c0/4ceac133a08c8faff7eac84aabb917e85e8257f5ad659e843004ce76e981c457c390a220881748ac67ba1b940b9b729b30fb85cbaf6e7989f04b6002c94da331
  languageName: node
  linkType: hard

"js-logger@npm:^1.6.1":
  version: 1.6.1
  resolution: "js-logger@npm:1.6.1"
  checksum: 10c0/e443e997790cac7de039382ab8f46e284db855090e244cc7b95e7755bc2b0eb793f9f9bd901b80c1677cecaad155dd3a376a534674e7b2f57982581b703e9534
  languageName: node
  linkType: hard

"lightningcss-darwin-arm64@npm:1.30.1":
  version: 1.30.1
  resolution: "lightningcss-darwin-arm64@npm:1.30.1"
  conditions: os=darwin & cpu=arm64
  languageName: node
  linkType: hard

"lightningcss-darwin-x64@npm:1.30.1":
  version: 1.30.1
  resolution: "lightningcss-darwin-x64@npm:1.30.1"
  conditions: os=darwin & cpu=x64
  languageName: node
  linkType: hard

"lightningcss-freebsd-x64@npm:1.30.1":
  version: 1.30.1
  resolution: "lightningcss-freebsd-x64@npm:1.30.1"
  conditions: os=freebsd & cpu=x64
  languageName: node
  linkType: hard

"lightningcss-linux-arm-gnueabihf@npm:1.30.1":
  version: 1.30.1
  resolution: "lightningcss-linux-arm-gnueabihf@npm:1.30.1"
  conditions: os=linux & cpu=arm
  languageName: node
  linkType: hard

"lightningcss-linux-arm64-gnu@npm:1.30.1":
  version: 1.30.1
  resolution: "lightningcss-linux-arm64-gnu@npm:1.30.1"
  conditions: os=linux & cpu=arm64 & libc=glibc
  languageName: node
  linkType: hard

"lightningcss-linux-arm64-musl@npm:1.30.1":
  version: 1.30.1
  resolution: "lightningcss-linux-arm64-musl@npm:1.30.1"
  conditions: os=linux & cpu=arm64 & libc=musl
  languageName: node
  linkType: hard

"lightningcss-linux-x64-gnu@npm:1.30.1":
  version: 1.30.1
  resolution: "lightningcss-linux-x64-gnu@npm:1.30.1"
  conditions: os=linux & cpu=x64 & libc=glibc
  languageName: node
  linkType: hard

"lightningcss-linux-x64-musl@npm:1.30.1":
  version: 1.30.1
  resolution: "lightningcss-linux-x64-musl@npm:1.30.1"
  conditions: os=linux & cpu=x64 & libc=musl
  languageName: node
  linkType: hard

"lightningcss-win32-arm64-msvc@npm:1.30.1":
  version: 1.30.1
  resolution: "lightningcss-win32-arm64-msvc@npm:1.30.1"
  conditions: os=win32 & cpu=arm64
  languageName: node
  linkType: hard

"lightningcss-win32-x64-msvc@npm:1.30.1":
  version: 1.30.1
  resolution: "lightningcss-win32-x64-msvc@npm:1.30.1"
  conditions: os=win32 & cpu=x64
  languageName: node
  linkType: hard

"lightningcss@npm:1.30.1":
  version: 1.30.1
  resolution: "lightningcss@npm:1.30.1"
  dependencies:
    detect-libc: "npm:^2.0.3"
    lightningcss-darwin-arm64: "npm:1.30.1"
    lightningcss-darwin-x64: "npm:1.30.1"
    lightningcss-freebsd-x64: "npm:1.30.1"
    lightningcss-linux-arm-gnueabihf: "npm:1.30.1"
    lightningcss-linux-arm64-gnu: "npm:1.30.1"
    lightningcss-linux-arm64-musl: "npm:1.30.1"
    lightningcss-linux-x64-gnu: "npm:1.30.1"
    lightningcss-linux-x64-musl: "npm:1.30.1"
    lightningcss-win32-arm64-msvc: "npm:1.30.1"
    lightningcss-win32-x64-msvc: "npm:1.30.1"
  dependenciesMeta:
    lightningcss-darwin-arm64:
      optional: true
    lightningcss-darwin-x64:
      optional: true
    lightningcss-freebsd-x64:
      optional: true
    lightningcss-linux-arm-gnueabihf:
      optional: true
    lightningcss-linux-arm64-gnu:
      optional: true
    lightningcss-linux-arm64-musl:
      optional: true
    lightningcss-linux-x64-gnu:
      optional: true
    lightningcss-linux-x64-musl:
      optional: true
    lightningcss-win32-arm64-msvc:
      optional: true
    lightningcss-win32-x64-msvc:
      optional: true
  checksum: 10c0/1e1ad908f3c68bf39d964a6735435a8dd5474fb2765076732d64a7b6aa2af1f084da65a9462443a9adfebf7dcfb02fb532fce1d78697f2a9de29c8f40f09aee3
  languageName: node
  linkType: hard

"magic-string@npm:^0.30.17":
  version: 0.30.17
  resolution: "magic-string@npm:0.30.17"
  dependencies:
    "@jridgewell/sourcemap-codec": "npm:^1.5.0"
  checksum: 10c0/16826e415d04b88378f200fe022b53e638e3838b9e496edda6c0e086d7753a44a6ed187adc72d19f3623810589bf139af1a315541cd6a26ae0771a0193eaf7b8
  languageName: node
  linkType: hard

"minipass@npm:^7.0.4, minipass@npm:^7.1.2":
  version: 7.1.2
  resolution: "minipass@npm:7.1.2"
  checksum: 10c0/b0fd20bb9fb56e5fa9a8bfac539e8915ae07430a619e4b86ff71f5fc757ef3924b23b2c4230393af1eda647ed3d75739e4e0acb250a6b1eb277cf7f8fe449557
  languageName: node
  linkType: hard

"minizlib@npm:^3.0.1":
  version: 3.0.2
  resolution: "minizlib@npm:3.0.2"
  dependencies:
    minipass: "npm:^7.1.2"
  checksum: 10c0/9f3bd35e41d40d02469cb30470c55ccc21cae0db40e08d1d0b1dff01cc8cc89a6f78e9c5d2b7c844e485ec0a8abc2238111213fdc5b2038e6d1012eacf316f78
  languageName: node
  linkType: hard

"mkdirp@npm:^3.0.1":
  version: 3.0.1
  resolution: "mkdirp@npm:3.0.1"
  bin:
    mkdirp: dist/cjs/src/bin.js
  checksum: 10c0/9f2b975e9246351f5e3a40dcfac99fcd0baa31fbfab615fe059fb11e51f10e4803c63de1f384c54d656e4db31d000e4767e9ef076a22e12a641357602e31d57d
  languageName: node
  linkType: hard

"nanoid@npm:^3.3.8":
  version: 3.3.11
  resolution: "nanoid@npm:3.3.11"
  bin:
    nanoid: bin/nanoid.cjs
  checksum: 10c0/40e7f70b3d15f725ca072dfc4f74e81fcf1fbb02e491cf58ac0c79093adc9b0a73b152bcde57df4b79cd097e13023d7504acb38404a4da7bc1cd8e887b82fe0b
  languageName: node
  linkType: hard

"picocolors@npm:^1.1.1":
  version: 1.1.1
  resolution: "picocolors@npm:1.1.1"
  checksum: 10c0/e2e3e8170ab9d7c7421969adaa7e1b31434f789afb9b3f115f6b96d91945041ac3ceb02e9ec6fe6510ff036bcc0bf91e69a1772edc0b707e12b19c0f2d6bcf58
  languageName: node
  linkType: hard

"postcss@npm:^8.4.41, postcss@npm:^8.5.3":
  version: 8.5.3
  resolution: "postcss@npm:8.5.3"
  dependencies:
    nanoid: "npm:^3.3.8"
    picocolors: "npm:^1.1.1"
    source-map-js: "npm:^1.2.1"
  checksum: 10c0/b75510d7b28c3ab728c8733dd01538314a18c52af426f199a3c9177e63eb08602a3938bfb66b62dc01350b9aed62087eabbf229af97a1659eb8d3513cec823b3
  languageName: node
  linkType: hard

"react-dom@npm:^19.1.0":
  version: 19.1.0
  resolution: "react-dom@npm:19.1.0"
  dependencies:
    scheduler: "npm:^0.26.0"
  peerDependencies:
    react: ^19.1.0
  checksum: 10c0/3e26e89bb6c67c9a6aa86cb888c7a7f8258f2e347a6d2a15299c17eb16e04c19194e3452bc3255bd34000a61e45e2cb51e46292392340432f133e5a5d2dfb5fc
  languageName: node
  linkType: hard

"react@npm:^19.1.0":
  version: 19.1.0
  resolution: "react@npm:19.1.0"
  checksum: 10c0/530fb9a62237d54137a13d2cfb67a7db6a2156faed43eecc423f4713d9b20c6f2728b026b45e28fcd72e8eadb9e9ed4b089e99f5e295d2f0ad3134251bdd3698
  languageName: node
  linkType: hard

"scheduler@npm:^0.26.0":
  version: 0.26.0
  resolution: "scheduler@npm:0.26.0"
  checksum: 10c0/5b8d5bfddaae3513410eda54f2268e98a376a429931921a81b5c3a2873aab7ca4d775a8caac5498f8cbc7d0daeab947cf923dbd8e215d61671f9f4e392d34356
  languageName: node
  linkType: hard

"source-map-js@npm:^1.2.1":
  version: 1.2.1
  resolution: "source-map-js@npm:1.2.1"
  checksum: 10c0/7bda1fc4c197e3c6ff17de1b8b2c20e60af81b63a52cb32ec5a5d67a20a7d42651e2cb34ebe93833c5a2a084377e17455854fee3e21e7925c64a51b6a52b0faf
  languageName: node
  linkType: hard

"tailwindcss@npm:4.1.7, tailwindcss@npm:^4.1.7":
  version: 4.1.7
  resolution: "tailwindcss@npm:4.1.7"
  checksum: 10c0/abe56f990bd4b03e0b332a2a39063e7f0f7359e6591282ba4e56ac18e5c58baca6b271072221253fcab7d9534d50f384f13fc41b66b06e0e427ef3f0ab2035bf
  languageName: node
  linkType: hard

"tapable@npm:^2.2.0":
  version: 2.2.2
  resolution: "tapable@npm:2.2.2"
  checksum: 10c0/8ad130aa705cab6486ad89e42233569a1fb1ff21af115f59cebe9f2b45e9e7995efceaa9cc5062510cdb4ec673b527924b2ab812e3579c55ad659ae92117011e
  languageName: node
  linkType: hard

"tar@npm:^7.4.3":
  version: 7.4.3
  resolution: "tar@npm:7.4.3"
  dependencies:
    "@isaacs/fs-minipass": "npm:^4.0.0"
    chownr: "npm:^3.0.0"
    minipass: "npm:^7.1.2"
    minizlib: "npm:^3.0.1"
    mkdirp: "npm:^3.0.1"
    yallist: "npm:^5.0.0"
  checksum: 10c0/d4679609bb2a9b48eeaf84632b6d844128d2412b95b6de07d53d8ee8baf4ca0857c9331dfa510390a0727b550fd543d4d1a10995ad86cdf078423fbb8d99831d
  languageName: node
  linkType: hard

"tslib@npm:^2.4.0, tslib@npm:^2.8.0":
  version: 2.8.1
  resolution: "tslib@npm:2.8.1"
  checksum: 10c0/9c4759110a19c53f992d9aae23aac5ced636e99887b51b9e61def52611732872ff7668757d4e4c61f19691e36f4da981cd9485e869b4a7408d689f6bf1f14e62
  languageName: node
  linkType: hard

"typescript@npm:^5.8.3":
  version: 5.8.3
  resolution: "typescript@npm:5.8.3"
  bin:
    tsc: bin/tsc
    tsserver: bin/tsserver
  checksum: 10c0/5f8bb01196e542e64d44db3d16ee0e4063ce4f3e3966df6005f2588e86d91c03e1fb131c2581baf0fb65ee79669eea6e161cd448178986587e9f6844446dbb48
  languageName: node
  linkType: hard

"typescript@patch:typescript@npm%3A^5.8.3#optional!builtin<compat/typescript>":
  version: 5.8.3
  resolution: "typescript@patch:typescript@npm%3A5.8.3#optional!builtin<compat/typescript>::version=5.8.3&hash=5786d5"
  bin:
    tsc: bin/tsc
    tsserver: bin/tsserver
  checksum: 10c0/39117e346ff8ebd87ae1510b3a77d5d92dae5a89bde588c747d25da5c146603a99c8ee588c7ef80faaf123d89ed46f6dbd918d534d641083177d5fac38b8a1cb
  languageName: node
  linkType: hard

"yallist@npm:^5.0.0":
  version: 5.0.0
  resolution: "yallist@npm:5.0.0"
  checksum: 10c0/a499c81ce6d4a1d260d4ea0f6d49ab4da09681e32c3f0472dee16667ed69d01dae63a3b81745a24bd78476ec4fcf856114cb4896ace738e01da34b2c42235416
  languageName: node
  linkType: hard
